// !$*UTF8*$!
{
	archiveVersion = 1;
	classes = {
	};
	objectVersion = 51;
	objects = {

/* Begin PBXBuildFile section */
		7DD62B8164AF3F3402F10E58 /* Pods_Parstagram_ParstagramUITests.framework in Frameworks */ = {isa = PBXBuildFile; fileRef = 616190A8AD2DB192DE5BC846 /* Pods_Parstagram_ParstagramUITests.framework */; };
		921FA5E781313393E8FA3358 /* Pods_ParstagramTests.framework in Frameworks */ = {isa = PBXBuildFile; fileRef = 9F7FB9F1CB807DC8131B5A9B /* Pods_ParstagramTests.framework */; };
		9F21B915A652213886AD4436 /* Pods_Parstagram.framework in Frameworks */ = {isa = PBXBuildFile; fileRef = 726A94F93EB789BD5E173282 /* Pods_Parstagram.framework */; };
		FE38E1972532B354007BC8C7 /* CameraViewController.swift in Sources */ = {isa = PBXBuildFile; fileRef = FE38E1962532B354007BC8C7 /* CameraViewController.swift */; };
		FE8B49CB2532C5BC008027CE /* PostCell.swift in Sources */ = {isa = PBXBuildFile; fileRef = FE8B49CA2532C5BC008027CE /* PostCell.swift */; };
		FE8B49CD2532D7EB008027CE /* CommentCell.swift in Sources */ = {isa = PBXBuildFile; fileRef = FE8B49CC2532D7EB008027CE /* CommentCell.swift */; };
		FEE6B0C3252FD54D009503E4 /* AppDelegate.swift in Sources */ = {isa = PBXBuildFile; fileRef = FEE6B0C2252FD54D009503E4 /* AppDelegate.swift */; };
		FEE6B0C5252FD54D009503E4 /* SceneDelegate.swift in Sources */ = {isa = PBXBuildFile; fileRef = FEE6B0C4252FD54D009503E4 /* SceneDelegate.swift */; };
		FEE6B0CA252FD54D009503E4 /* Main.storyboard in Resources */ = {isa = PBXBuildFile; fileRef = FEE6B0C8252FD54D009503E4 /* Main.storyboard */; };
		FEE6B0CC252FD554009503E4 /* Assets.xcassets in Resources */ = {isa = PBXBuildFile; fileRef = FEE6B0CB252FD554009503E4 /* Assets.xcassets */; };
		FEE6B0CF252FD554009503E4 /* LaunchScreen.storyboard in Resources */ = {isa = PBXBuildFile; fileRef = FEE6B0CD252FD554009503E4 /* LaunchScreen.storyboard */; };
		FEE6B0DA252FD555009503E4 /* ParstagramTests.swift in Sources */ = {isa = PBXBuildFile; fileRef = FEE6B0D9252FD555009503E4 /* ParstagramTests.swift */; };
		FEE6B0E5252FD555009503E4 /* ParstagramUITests.swift in Sources */ = {isa = PBXBuildFile; fileRef = FEE6B0E4252FD555009503E4 /* ParstagramUITests.swift */; };
		FEE6B0F3252FDCE8009503E4 /* LoginViewController.swift in Sources */ = {isa = PBXBuildFile; fileRef = FEE6B0F2252FDCE8009503E4 /* LoginViewController.swift */; };
		FEE6B0F5252FDCFC009503E4 /* FeedViewController.swift in Sources */ = {isa = PBXBuildFile; fileRef = FEE6B0F4252FDCFC009503E4 /* FeedViewController.swift */; };
/* End PBXBuildFile section */

/* Begin PBXContainerItemProxy section */
		FEE6B0D6252FD555009503E4 /* PBXContainerItemProxy */ = {
			isa = PBXContainerItemProxy;
			containerPortal = FEE6B0B7252FD54D009503E4 /* Project object */;
			proxyType = 1;
			remoteGlobalIDString = FEE6B0BE252FD54D009503E4;
			remoteInfo = Parstagram;
		};
		FEE6B0E1252FD555009503E4 /* PBXContainerItemProxy */ = {
			isa = PBXContainerItemProxy;
			containerPortal = FEE6B0B7252FD54D009503E4 /* Project object */;
			proxyType = 1;
			remoteGlobalIDString = FEE6B0BE252FD54D009503E4;
			remoteInfo = Parstagram;
		};
/* End PBXContainerItemProxy section */

/* Begin PBXFileReference section */
		15A270817C5F913DE213ADFE /* Pods-Parstagram-ParstagramUITests.release.xcconfig */ = {isa = PBXFileReference; includeInIndex = 1; lastKnownFileType = text.xcconfig; name = "Pods-Parstagram-ParstagramUITests.release.xcconfig"; path = "Target Support Files/Pods-Parstagram-ParstagramUITests/Pods-Parstagram-ParstagramUITests.release.xcconfig"; sourceTree = "<group>"; };
		1B292E12BF87C723A39B02D0 /* Pods-ParstagramTests.release.xcconfig */ = {isa = PBXFileReference; includeInIndex = 1; lastKnownFileType = text.xcconfig; name = "Pods-ParstagramTests.release.xcconfig"; path = "Target Support Files/Pods-ParstagramTests/Pods-ParstagramTests.release.xcconfig"; sourceTree = "<group>"; };
		1D54592425C22C8BAB034E63 /* Pods-Parstagram-ParstagramUITests.debug.xcconfig */ = {isa = PBXFileReference; includeInIndex = 1; lastKnownFileType = text.xcconfig; name = "Pods-Parstagram-ParstagramUITests.debug.xcconfig"; path = "Target Support Files/Pods-Parstagram-ParstagramUITests/Pods-Parstagram-ParstagramUITests.debug.xcconfig"; sourceTree = "<group>"; };
		616190A8AD2DB192DE5BC846 /* Pods_Parstagram_ParstagramUITests.framework */ = {isa = PBXFileReference; explicitFileType = wrapper.framework; includeInIndex = 0; path = Pods_Parstagram_ParstagramUITests.framework; sourceTree = BUILT_PRODUCTS_DIR; };
		726A94F93EB789BD5E173282 /* Pods_Parstagram.framework */ = {isa = PBXFileReference; explicitFileType = wrapper.framework; includeInIndex = 0; path = Pods_Parstagram.framework; sourceTree = BUILT_PRODUCTS_DIR; };
		895B756F13D3CF45B5C27C07 /* Pods-Parstagram.debug.xcconfig */ = {isa = PBXFileReference; includeInIndex = 1; lastKnownFileType = text.xcconfig; name = "Pods-Parstagram.debug.xcconfig"; path = "Target Support Files/Pods-Parstagram/Pods-Parstagram.debug.xcconfig"; sourceTree = "<group>"; };
		9F7FB9F1CB807DC8131B5A9B /* Pods_ParstagramTests.framework */ = {isa = PBXFileReference; explicitFileType = wrapper.framework; includeInIndex = 0; path = Pods_ParstagramTests.framework; sourceTree = BUILT_PRODUCTS_DIR; };
		A049701992E110F4DDACB200 /* Pods-ParstagramTests.debug.xcconfig */ = {isa = PBXFileReference; includeInIndex = 1; lastKnownFileType = text.xcconfig; name = "Pods-ParstagramTests.debug.xcconfig"; path = "Target Support Files/Pods-ParstagramTests/Pods-ParstagramTests.debug.xcconfig"; sourceTree = "<group>"; };
		EF5306DB567E73E185D4FEB4 /* Pods-Parstagram.release.xcconfig */ = {isa = PBXFileReference; includeInIndex = 1; lastKnownFileType = text.xcconfig; name = "Pods-Parstagram.release.xcconfig"; path = "Target Support Files/Pods-Parstagram/Pods-Parstagram.release.xcconfig"; sourceTree = "<group>"; };
		FE38E1962532B354007BC8C7 /* CameraViewController.swift */ = {isa = PBXFileReference; lastKnownFileType = sourcecode.swift; path = CameraViewController.swift; sourceTree = "<group>"; };
		FE8B49CA2532C5BC008027CE /* PostCell.swift */ = {isa = PBXFileReference; lastKnownFileType = sourcecode.swift; path = PostCell.swift; sourceTree = "<group>"; };
		FE8B49CC2532D7EB008027CE /* CommentCell.swift */ = {isa = PBXFileReference; lastKnownFileType = sourcecode.swift; path = CommentCell.swift; sourceTree = "<group>"; };
		FEE6B0BF252FD54D009503E4 /* Parstagram.app */ = {isa = PBXFileReference; explicitFileType = wrapper.application; includeInIndex = 0; path = Parstagram.app; sourceTree = BUILT_PRODUCTS_DIR; };
		FEE6B0C2252FD54D009503E4 /* AppDelegate.swift */ = {isa = PBXFileReference; lastKnownFileType = sourcecode.swift; path = AppDelegate.swift; sourceTree = "<group>"; };
		FEE6B0C4252FD54D009503E4 /* SceneDelegate.swift */ = {isa = PBXFileReference; lastKnownFileType = sourcecode.swift; path = SceneDelegate.swift; sourceTree = "<group>"; };
		FEE6B0C9252FD54D009503E4 /* Base */ = {isa = PBXFileReference; lastKnownFileType = file.storyboard; name = Base; path = Base.lproj/Main.storyboard; sourceTree = "<group>"; };
		FEE6B0CB252FD554009503E4 /* Assets.xcassets */ = {isa = PBXFileReference; lastKnownFileType = folder.assetcatalog; path = Assets.xcassets; sourceTree = "<group>"; };
		FEE6B0CE252FD554009503E4 /* Base */ = {isa = PBXFileReference; lastKnownFileType = file.storyboard; name = Base; path = Base.lproj/LaunchScreen.storyboard; sourceTree = "<group>"; };
		FEE6B0D0252FD554009503E4 /* Info.plist */ = {isa = PBXFileReference; lastKnownFileType = text.plist.xml; path = Info.plist; sourceTree = "<group>"; };
		FEE6B0D5252FD555009503E4 /* ParstagramTests.xctest */ = {isa = PBXFileReference; explicitFileType = wrapper.cfbundle; includeInIndex = 0; path = ParstagramTests.xctest; sourceTree = BUILT_PRODUCTS_DIR; };
		FEE6B0D9252FD555009503E4 /* ParstagramTests.swift */ = {isa = PBXFileReference; lastKnownFileType = sourcecode.swift; path = ParstagramTests.swift; sourceTree = "<group>"; };
		FEE6B0DB252FD555009503E4 /* Info.plist */ = {isa = PBXFileReference; lastKnownFileType = text.plist.xml; path = Info.plist; sourceTree = "<group>"; };
		FEE6B0E0252FD555009503E4 /* ParstagramUITests.xctest */ = {isa = PBXFileReference; explicitFileType = wrapper.cfbundle; includeInIndex = 0; path = ParstagramUITests.xctest; sourceTree = BUILT_PRODUCTS_DIR; };
		FEE6B0E4252FD555009503E4 /* ParstagramUITests.swift */ = {isa = PBXFileReference; lastKnownFileType = sourcecode.swift; path = ParstagramUITests.swift; sourceTree = "<group>"; };
		FEE6B0E6252FD555009503E4 /* Info.plist */ = {isa = PBXFileReference; lastKnownFileType = text.plist.xml; path = Info.plist; sourceTree = "<group>"; };
		FEE6B0F2252FDCE8009503E4 /* LoginViewController.swift */ = {isa = PBXFileReference; lastKnownFileType = sourcecode.swift; path = LoginViewController.swift; sourceTree = "<group>"; };
		FEE6B0F4252FDCFC009503E4 /* FeedViewController.swift */ = {isa = PBXFileReference; lastKnownFileType = sourcecode.swift; path = FeedViewController.swift; sourceTree = "<group>"; };
/* End PBXFileReference section */

/* Begin PBXFrameworksBuildPhase section */
		FEE6B0BC252FD54D009503E4 /* Frameworks */ = {
			isa = PBXFrameworksBuildPhase;
			buildActionMask = 2147483647;
			files = (
				9F21B915A652213886AD4436 /* Pods_Parstagram.framework in Frameworks */,
			);
			runOnlyForDeploymentPostprocessing = 0;
		};
		FEE6B0D2252FD555009503E4 /* Frameworks */ = {
			isa = PBXFrameworksBuildPhase;
			buildActionMask = 2147483647;
			files = (
				921FA5E781313393E8FA3358 /* Pods_ParstagramTests.framework in Frameworks */,
			);
			runOnlyForDeploymentPostprocessing = 0;
		};
		FEE6B0DD252FD555009503E4 /* Frameworks */ = {
			isa = PBXFrameworksBuildPhase;
			buildActionMask = 2147483647;
			files = (
				7DD62B8164AF3F3402F10E58 /* Pods_Parstagram_ParstagramUITests.framework in Frameworks */,
			);
			runOnlyForDeploymentPostprocessing = 0;
		};
/* End PBXFrameworksBuildPhase section */

/* Begin PBXGroup section */
		1CD3688BF4057D95D50BD4B6 /* Pods */ = {
			isa = PBXGroup;
			children = (
				895B756F13D3CF45B5C27C07 /* Pods-Parstagram.debug.xcconfig */,
				EF5306DB567E73E185D4FEB4 /* Pods-Parstagram.release.xcconfig */,
				1D54592425C22C8BAB034E63 /* Pods-Parstagram-ParstagramUITests.debug.xcconfig */,
				15A270817C5F913DE213ADFE /* Pods-Parstagram-ParstagramUITests.release.xcconfig */,
				A049701992E110F4DDACB200 /* Pods-ParstagramTests.debug.xcconfig */,
				1B292E12BF87C723A39B02D0 /* Pods-ParstagramTests.release.xcconfig */,
			);
			path = Pods;
			sourceTree = "<group>";
		};
		97C0E68A54CB15798BC68DA4 /* Frameworks */ = {
			isa = PBXGroup;
			children = (
				726A94F93EB789BD5E173282 /* Pods_Parstagram.framework */,
				616190A8AD2DB192DE5BC846 /* Pods_Parstagram_ParstagramUITests.framework */,
				9F7FB9F1CB807DC8131B5A9B /* Pods_ParstagramTests.framework */,
			);
			name = Frameworks;
			sourceTree = "<group>";
		};
		FEE6B0B6252FD54D009503E4 = {
			isa = PBXGroup;
			children = (
				FEE6B0C1252FD54D009503E4 /* Parstagram */,
				FEE6B0D8252FD555009503E4 /* ParstagramTests */,
				FEE6B0E3252FD555009503E4 /* ParstagramUITests */,
				FEE6B0C0252FD54D009503E4 /* Products */,
				1CD3688BF4057D95D50BD4B6 /* Pods */,
				97C0E68A54CB15798BC68DA4 /* Frameworks */,
			);
			sourceTree = "<group>";
		};
		FEE6B0C0252FD54D009503E4 /* Products */ = {
			isa = PBXGroup;
			children = (
				FEE6B0BF252FD54D009503E4 /* Parstagram.app */,
				FEE6B0D5252FD555009503E4 /* ParstagramTests.xctest */,
				FEE6B0E0252FD555009503E4 /* ParstagramUITests.xctest */,
			);
			name = Products;
			sourceTree = "<group>";
		};
		FEE6B0C1252FD54D009503E4 /* Parstagram */ = {
			isa = PBXGroup;
			children = (
				FEE6B0C2252FD54D009503E4 /* AppDelegate.swift */,
				FEE6B0C4252FD54D009503E4 /* SceneDelegate.swift */,
				FEE6B0C8252FD54D009503E4 /* Main.storyboard */,
				FEE6B0CB252FD554009503E4 /* Assets.xcassets */,
				FEE6B0CD252FD554009503E4 /* LaunchScreen.storyboard */,
				FEE6B0D0252FD554009503E4 /* Info.plist */,
				FEE6B0F2252FDCE8009503E4 /* LoginViewController.swift */,
				FEE6B0F4252FDCFC009503E4 /* FeedViewController.swift */,
				FE38E1962532B354007BC8C7 /* CameraViewController.swift */,
				FE8B49CA2532C5BC008027CE /* PostCell.swift */,
				FE8B49CC2532D7EB008027CE /* CommentCell.swift */,
			);
			path = Parstagram;
			sourceTree = "<group>";
		};
		FEE6B0D8252FD555009503E4 /* ParstagramTests */ = {
			isa = PBXGroup;
			children = (
				FEE6B0D9252FD555009503E4 /* ParstagramTests.swift */,
				FEE6B0DB252FD555009503E4 /* Info.plist */,
			);
			path = ParstagramTests;
			sourceTree = "<group>";
		};
		FEE6B0E3252FD555009503E4 /* ParstagramUITests */ = {
			isa = PBXGroup;
			children = (
				FEE6B0E4252FD555009503E4 /* ParstagramUITests.swift */,
				FEE6B0E6252FD555009503E4 /* Info.plist */,
			);
			path = ParstagramUITests;
			sourceTree = "<group>";
		};
/* End PBXGroup section */

/* Begin PBXNativeTarget section */
		FEE6B0BE252FD54D009503E4 /* Parstagram */ = {
			isa = PBXNativeTarget;
			buildConfigurationList = FEE6B0E9252FD555009503E4 /* Build configuration list for PBXNativeTarget "Parstagram" */;
			buildPhases = (
				4980CDE4C862940D60389B4D /* [CP] Check Pods Manifest.lock */,
				FEE6B0BB252FD54D009503E4 /* Sources */,
				FEE6B0BC252FD54D009503E4 /* Frameworks */,
				FEE6B0BD252FD54D009503E4 /* Resources */,
				FE0893C40F68B13E46E44656 /* [CP] Embed Pods Frameworks */,
			);
			buildRules = (
			);
			dependencies = (
			);
			name = Parstagram;
			productName = Parstagram;
			productReference = FEE6B0BF252FD54D009503E4 /* Parstagram.app */;
			productType = "com.apple.product-type.application";
		};
		FEE6B0D4252FD555009503E4 /* ParstagramTests */ = {
			isa = PBXNativeTarget;
			buildConfigurationList = FEE6B0EC252FD555009503E4 /* Build configuration list for PBXNativeTarget "ParstagramTests" */;
			buildPhases = (
				E24730D5136A8184F0BC40C2 /* [CP] Check Pods Manifest.lock */,
				FEE6B0D1252FD555009503E4 /* Sources */,
				FEE6B0D2252FD555009503E4 /* Frameworks */,
				FEE6B0D3252FD555009503E4 /* Resources */,
			);
			buildRules = (
			);
			dependencies = (
				FEE6B0D7252FD555009503E4 /* PBXTargetDependency */,
			);
			name = ParstagramTests;
			productName = ParstagramTests;
			productReference = FEE6B0D5252FD555009503E4 /* ParstagramTests.xctest */;
			productType = "com.apple.product-type.bundle.unit-test";
		};
		FEE6B0DF252FD555009503E4 /* ParstagramUITests */ = {
			isa = PBXNativeTarget;
			buildConfigurationList = FEE6B0EF252FD555009503E4 /* Build configuration list for PBXNativeTarget "ParstagramUITests" */;
			buildPhases = (
				A329ADD47A83D894919936DD /* [CP] Check Pods Manifest.lock */,
				FEE6B0DC252FD555009503E4 /* Sources */,
				FEE6B0DD252FD555009503E4 /* Frameworks */,
				FEE6B0DE252FD555009503E4 /* Resources */,
				79E17E1B49432C25582ACB8A /* [CP] Embed Pods Frameworks */,
			);
			buildRules = (
			);
			dependencies = (
				FEE6B0E2252FD555009503E4 /* PBXTargetDependency */,
			);
			name = ParstagramUITests;
			productName = ParstagramUITests;
			productReference = FEE6B0E0252FD555009503E4 /* ParstagramUITests.xctest */;
			productType = "com.apple.product-type.bundle.ui-testing";
		};
/* End PBXNativeTarget section */

/* Begin PBXProject section */
		FEE6B0B7252FD54D009503E4 /* Project object */ = {
			isa = PBXProject;
			attributes = {
				LastSwiftUpdateCheck = 1160;
				LastUpgradeCheck = 1160;
				ORGANIZATIONNAME = jsejas;
				TargetAttributes = {
					FEE6B0BE252FD54D009503E4 = {
						CreatedOnToolsVersion = 11.6;
					};
					FEE6B0D4252FD555009503E4 = {
						CreatedOnToolsVersion = 11.6;
						TestTargetID = FEE6B0BE252FD54D009503E4;
					};
					FEE6B0DF252FD555009503E4 = {
						CreatedOnToolsVersion = 11.6;
						TestTargetID = FEE6B0BE252FD54D009503E4;
					};
				};
			};
			buildConfigurationList = FEE6B0BA252FD54D009503E4 /* Build configuration list for PBXProject "Parstagram" */;
			compatibilityVersion = "Xcode 9.3";
			developmentRegion = en;
			hasScannedForEncodings = 0;
			knownRegions = (
				en,
				Base,
			);
			mainGroup = FEE6B0B6252FD54D009503E4;
			productRefGroup = FEE6B0C0252FD54D009503E4 /* Products */;
			projectDirPath = "";
			projectRoot = "";
			targets = (
				FEE6B0BE252FD54D009503E4 /* Parstagram */,
				FEE6B0D4252FD555009503E4 /* ParstagramTests */,
				FEE6B0DF252FD555009503E4 /* ParstagramUITests */,
			);
		};
/* End PBXProject section */

/* Begin PBXResourcesBuildPhase section */
		FEE6B0BD252FD54D009503E4 /* Resources */ = {
			isa = PBXResourcesBuildPhase;
			buildActionMask = 2147483647;
			files = (
				FEE6B0CF252FD554009503E4 /* LaunchScreen.storyboard in Resources */,
				FEE6B0CC252FD554009503E4 /* Assets.xcassets in Resources */,
				FEE6B0CA252FD54D009503E4 /* Main.storyboard in Resources */,
			);
			runOnlyForDeploymentPostprocessing = 0;
		};
		FEE6B0D3252FD555009503E4 /* Resources */ = {
			isa = PBXResourcesBuildPhase;
			buildActionMask = 2147483647;
			files = (
			);
			runOnlyForDeploymentPostprocessing = 0;
		};
		FEE6B0DE252FD555009503E4 /* Resources */ = {
			isa = PBXResourcesBuildPhase;
			buildActionMask = 2147483647;
			files = (
			);
			runOnlyForDeploymentPostprocessing = 0;
		};
/* End PBXResourcesBuildPhase section */

/* Begin PBXShellScriptBuildPhase section */
		4980CDE4C862940D60389B4D /* [CP] Check Pods Manifest.lock */ = {
			isa = PBXShellScriptBuildPhase;
			buildActionMask = 2147483647;
			files = (
			);
			inputFileListPaths = (
			);
			inputPaths = (
				"${PODS_PODFILE_DIR_PATH}/Podfile.lock",
				"${PODS_ROOT}/Manifest.lock",
			);
			name = "[CP] Check Pods Manifest.lock";
			outputFileListPaths = (
			);
			outputPaths = (
				"$(DERIVED_FILE_DIR)/Pods-Parstagram-checkManifestLockResult.txt",
			);
			runOnlyForDeploymentPostprocessing = 0;
			shellPath = /bin/sh;
			shellScript = "diff \"${PODS_PODFILE_DIR_PATH}/Podfile.lock\" \"${PODS_ROOT}/Manifest.lock\" > /dev/null\nif [ $? != 0 ] ; then\n    # print error to STDERR\n    echo \"error: The sandbox is not in sync with the Podfile.lock. Run 'pod install' or update your CocoaPods installation.\" >&2\n    exit 1\nfi\n# This output is used by Xcode 'outputs' to avoid re-running this script phase.\necho \"SUCCESS\" > \"${SCRIPT_OUTPUT_FILE_0}\"\n";
			showEnvVarsInLog = 0;
		};
		79E17E1B49432C25582ACB8A /* [CP] Embed Pods Frameworks */ = {
			isa = PBXShellScriptBuildPhase;
			buildActionMask = 2147483647;
			files = (
			);
			inputFileListPaths = (
				"${PODS_ROOT}/Target Support Files/Pods-Parstagram-ParstagramUITests/Pods-Parstagram-ParstagramUITests-frameworks-${CONFIGURATION}-input-files.xcfilelist",
			);
			name = "[CP] Embed Pods Frameworks";
			outputFileListPaths = (
				"${PODS_ROOT}/Target Support Files/Pods-Parstagram-ParstagramUITests/Pods-Parstagram-ParstagramUITests-frameworks-${CONFIGURATION}-output-files.xcfilelist",
			);
			runOnlyForDeploymentPostprocessing = 0;
			shellPath = /bin/sh;
			shellScript = "\"${PODS_ROOT}/Target Support Files/Pods-Parstagram-ParstagramUITests/Pods-Parstagram-ParstagramUITests-frameworks.sh\"\n";
			showEnvVarsInLog = 0;
		};
		A329ADD47A83D894919936DD /* [CP] Check Pods Manifest.lock */ = {
			isa = PBXShellScriptBuildPhase;
			buildActionMask = 2147483647;
			files = (
			);
			inputFileListPaths = (
			);
			inputPaths = (
				"${PODS_PODFILE_DIR_PATH}/Podfile.lock",
				"${PODS_ROOT}/Manifest.lock",
			);
			name = "[CP] Check Pods Manifest.lock";
			outputFileListPaths = (
			);
			outputPaths = (
				"$(DERIVED_FILE_DIR)/Pods-Parstagram-ParstagramUITests-checkManifestLockResult.txt",
			);
			runOnlyForDeploymentPostprocessing = 0;
			shellPath = /bin/sh;
			shellScript = "diff \"${PODS_PODFILE_DIR_PATH}/Podfile.lock\" \"${PODS_ROOT}/Manifest.lock\" > /dev/null\nif [ $? != 0 ] ; then\n    # print error to STDERR\n    echo \"error: The sandbox is not in sync with the Podfile.lock. Run 'pod install' or update your CocoaPods installation.\" >&2\n    exit 1\nfi\n# This output is used by Xcode 'outputs' to avoid re-running this script phase.\necho \"SUCCESS\" > \"${SCRIPT_OUTPUT_FILE_0}\"\n";
			showEnvVarsInLog = 0;
		};
		E24730D5136A8184F0BC40C2 /* [CP] Check Pods Manifest.lock */ = {
			isa = PBXShellScriptBuildPhase;
			buildActionMask = 2147483647;
			files = (
			);
			inputFileListPaths = (
			);
			inputPaths = (
				"${PODS_PODFILE_DIR_PATH}/Podfile.lock",
				"${PODS_ROOT}/Manifest.lock",
			);
			name = "[CP] Check Pods Manifest.lock";
			outputFileListPaths = (
			);
			outputPaths = (
				"$(DERIVED_FILE_DIR)/Pods-ParstagramTests-checkManifestLockResult.txt",
			);
			runOnlyForDeploymentPostprocessing = 0;
			shellPath = /bin/sh;
			shellScript = "diff \"${PODS_PODFILE_DIR_PATH}/Podfile.lock\" \"${PODS_ROOT}/Manifest.lock\" > /dev/null\nif [ $? != 0 ] ; then\n    # print error to STDERR\n    echo \"error: The sandbox is not in sync with the Podfile.lock. Run 'pod install' or update your CocoaPods installation.\" >&2\n    exit 1\nfi\n# This output is used by Xcode 'outputs' to avoid re-running this script phase.\necho \"SUCCESS\" > \"${SCRIPT_OUTPUT_FILE_0}\"\n";
			showEnvVarsInLog = 0;
		};
		FE0893C40F68B13E46E44656 /* [CP] Embed Pods Frameworks */ = {
			isa = PBXShellScriptBuildPhase;
			buildActionMask = 2147483647;
			files = (
			);
			inputFileListPaths = (
				"${PODS_ROOT}/Target Support Files/Pods-Parstagram/Pods-Parstagram-frameworks-${CONFIGURATION}-input-files.xcfilelist",
			);
			name = "[CP] Embed Pods Frameworks";
			outputFileListPaths = (
				"${PODS_ROOT}/Target Support Files/Pods-Parstagram/Pods-Parstagram-frameworks-${CONFIGURATION}-output-files.xcfilelist",
			);
			runOnlyForDeploymentPostprocessing = 0;
			shellPath = /bin/sh;
			shellScript = "\"${PODS_ROOT}/Target Support Files/Pods-Parstagram/Pods-Parstagram-frameworks.sh\"\n";
			showEnvVarsInLog = 0;
		};
/* End PBXShellScriptBuildPhase section */

/* Begin PBXSourcesBuildPhase section */
		FEE6B0BB252FD54D009503E4 /* Sources */ = {
			isa = PBXSourcesBuildPhase;
			buildActionMask = 2147483647;
			files = (
				FEE6B0F3252FDCE8009503E4 /* LoginViewController.swift in Sources */,
				FE38E1972532B354007BC8C7 /* CameraViewController.swift in Sources */,
				FEE6B0C3252FD54D009503E4 /* AppDelegate.swift in Sources */,
				FEE6B0F5252FDCFC009503E4 /* FeedViewController.swift in Sources */,
				FEE6B0C5252FD54D009503E4 /* SceneDelegate.swift in Sources */,
				FE8B49CB2532C5BC008027CE /* PostCell.swift in Sources */,
				FE8B49CD2532D7EB008027CE /* CommentCell.swift in Sources */,
			);
			runOnlyForDeploymentPostprocessing = 0;
		};
		FEE6B0D1252FD555009503E4 /* Sources */ = {
			isa = PBXSourcesBuildPhase;
			buildActionMask = 2147483647;
			files = (
				FEE6B0DA252FD555009503E4 /* ParstagramTests.swift in Sources */,
			);
			runOnlyForDeploymentPostprocessing = 0;
		};
		FEE6B0DC252FD555009503E4 /* Sources */ = {
			isa = PBXSourcesBuildPhase;
			buildActionMask = 2147483647;
			files = (
				FEE6B0E5252FD555009503E4 /* ParstagramUITests.swift in Sources */,
			);
			runOnlyForDeploymentPostprocessing = 0;
		};
/* End PBXSourcesBuildPhase section */

/* Begin PBXTargetDependency section */
		FEE6B0D7252FD555009503E4 /* PBXTargetDependency */ = {
			isa = PBXTargetDependency;
			target = FEE6B0BE252FD54D009503E4 /* Parstagram */;
			targetProxy = FEE6B0D6252FD555009503E4 /* PBXContainerItemProxy */;
		};
		FEE6B0E2252FD555009503E4 /* PBXTargetDependency */ = {
			isa = PBXTargetDependency;
			target = FEE6B0BE252FD54D009503E4 /* Parstagram */;
			targetProxy = FEE6B0E1252FD555009503E4 /* PBXContainerItemProxy */;
		};
/* End PBXTargetDependency section */

/* Begin PBXVariantGroup section */
		FEE6B0C8252FD54D009503E4 /* Main.storyboard */ = {
			isa = PBXVariantGroup;
			children = (
				FEE6B0C9252FD54D009503E4 /* Base */,
			);
			name = Main.storyboard;
			sourceTree = "<group>";
		};
		FEE6B0CD252FD554009503E4 /* LaunchScreen.storyboard */ = {
			isa = PBXVariantGroup;
			children = (
				FEE6B0CE252FD554009503E4 /* Base */,
			);
			name = LaunchScreen.storyboard;
			sourceTree = "<group>";
		};
/* End PBXVariantGroup section */

/* Begin XCBuildConfiguration section */
		FEE6B0E7252FD555009503E4 /* Debug */ = {
			isa = XCBuildConfiguration;
			buildSettings = {
				ALWAYS_SEARCH_USER_PATHS = NO;
				CLANG_ANALYZER_NONNULL = YES;
				CLANG_ANALYZER_NUMBER_OBJECT_CONVERSION = YES_AGGRESSIVE;
				CLANG_CXX_LANGUAGE_STANDARD = "gnu++14";
				CLANG_CXX_LIBRARY = "libc++";
				CLANG_ENABLE_MODULES = YES;
				CLANG_ENABLE_OBJC_ARC = YES;
				CLANG_ENABLE_OBJC_WEAK = YES;
				CLANG_WARN_BLOCK_CAPTURE_AUTORELEASING = YES;
				CLANG_WARN_BOOL_CONVERSION = YES;
				CLANG_WARN_COMMA = YES;
				CLANG_WARN_CONSTANT_CONVERSION = YES;
				CLANG_WARN_DEPRECATED_OBJC_IMPLEMENTATIONS = YES;
				CLANG_WARN_DIRECT_OBJC_ISA_USAGE = YES_ERROR;
				CLANG_WARN_DOCUMENTATION_COMMENTS = YES;
				CLANG_WARN_EMPTY_BODY = YES;
				CLANG_WARN_ENUM_CONVERSION = YES;
				CLANG_WARN_INFINITE_RECURSION = YES;
				CLANG_WARN_INT_CONVERSION = YES;
				CLANG_WARN_NON_LITERAL_NULL_CONVERSION = YES;
				CLANG_WARN_OBJC_IMPLICIT_RETAIN_SELF = YES;
				CLANG_WARN_OBJC_LITERAL_CONVERSION = YES;
				CLANG_WARN_OBJC_ROOT_CLASS = YES_ERROR;
				CLANG_WARN_RANGE_LOOP_ANALYSIS = YES;
				CLANG_WARN_STRICT_PROTOTYPES = YES;
				CLANG_WARN_SUSPICIOUS_MOVE = YES;
				CLANG_WARN_UNGUARDED_AVAILABILITY = YES_AGGRESSIVE;
				CLANG_WARN_UNREACHABLE_CODE = YES;
				CLANG_WARN__DUPLICATE_METHOD_MATCH = YES;
				COPY_PHASE_STRIP = NO;
				DEBUG_INFORMATION_FORMAT = dwarf;
				ENABLE_STRICT_OBJC_MSGSEND = YES;
				ENABLE_TESTABILITY = YES;
				GCC_C_LANGUAGE_STANDARD = gnu11;
				GCC_DYNAMIC_NO_PIC = NO;
				GCC_NO_COMMON_BLOCKS = YES;
				GCC_OPTIMIZATION_LEVEL = 0;
				GCC_PREPROCESSOR_DEFINITIONS = (
					"DEBUG=1",
					"$(inherited)",
				);
				GCC_WARN_64_TO_32_BIT_CONVERSION = YES;
				GCC_WARN_ABOUT_RETURN_TYPE = YES_ERROR;
				GCC_WARN_UNDECLARED_SELECTOR = YES;
				GCC_WARN_UNINITIALIZED_AUTOS = YES_AGGRESSIVE;
				GCC_WARN_UNUSED_FUNCTION = YES;
				GCC_WARN_UNUSED_VARIABLE = YES;
				IPHONEOS_DEPLOYMENT_TARGET = 13.6;
				MTL_ENABLE_DEBUG_INFO = INCLUDE_SOURCE;
				MTL_FAST_MATH = YES;
				ONLY_ACTIVE_ARCH = YES;
				SDKROOT = iphoneos;
				SWIFT_ACTIVE_COMPILATION_CONDITIONS = DEBUG;
				SWIFT_OPTIMIZATION_LEVEL = "-Onone";
			};
			name = Debug;
		};
		FEE6B0E8252FD555009503E4 /* Release */ = {
			isa = XCBuildConfiguration;
			buildSettings = {
				ALWAYS_SEARCH_USER_PATHS = NO;
				CLANG_ANALYZER_NONNULL = YES;
				CLANG_ANALYZER_NUMBER_OBJECT_CONVERSION = YES_AGGRESSIVE;
				CLANG_CXX_LANGUAGE_STANDARD = "gnu++14";
				CLANG_CXX_LIBRARY = "libc++";
				CLANG_ENABLE_MODULES = YES;
				CLANG_ENABLE_OBJC_ARC = YES;
				CLANG_ENABLE_OBJC_WEAK = YES;
				CLANG_WARN_BLOCK_CAPTURE_AUTORELEASING = YES;
				CLANG_WARN_BOOL_CONVERSION = YES;
				CLANG_WARN_COMMA = YES;
				CLANG_WARN_CONSTANT_CONVERSION = YES;
				CLANG_WARN_DEPRECATED_OBJC_IMPLEMENTATIONS = YES;
				CLANG_WARN_DIRECT_OBJC_ISA_USAGE = YES_ERROR;
				CLANG_WARN_DOCUMENTATION_COMMENTS = YES;
				CLANG_WARN_EMPTY_BODY = YES;
				CLANG_WARN_ENUM_CONVERSION = YES;
				CLANG_WARN_INFINITE_RECURSION = YES;
				CLANG_WARN_INT_CONVERSION = YES;
				CLANG_WARN_NON_LITERAL_NULL_CONVERSION = YES;
				CLANG_WARN_OBJC_IMPLICIT_RETAIN_SELF = YES;
				CLANG_WARN_OBJC_LITERAL_CONVERSION = YES;
				CLANG_WARN_OBJC_ROOT_CLASS = YES_ERROR;
				CLANG_WARN_RANGE_LOOP_ANALYSIS = YES;
				CLANG_WARN_STRICT_PROTOTYPES = YES;
				CLANG_WARN_SUSPICIOUS_MOVE = YES;
				CLANG_WARN_UNGUARDED_AVAILABILITY = YES_AGGRESSIVE;
				CLANG_WARN_UNREACHABLE_CODE = YES;
				CLANG_WARN__DUPLICATE_METHOD_MATCH = YES;
				COPY_PHASE_STRIP = NO;
				DEBUG_INFORMATION_FORMAT = "dwarf-with-dsym";
				ENABLE_NS_ASSERTIONS = NO;
				ENABLE_STRICT_OBJC_MSGSEND = YES;
				GCC_C_LANGUAGE_STANDARD = gnu11;
				GCC_NO_COMMON_BLOCKS = YES;
				GCC_WARN_64_TO_32_BIT_CONVERSION = YES;
				GCC_WARN_ABOUT_RETURN_TYPE = YES_ERROR;
				GCC_WARN_UNDECLARED_SELECTOR = YES;
				GCC_WARN_UNINITIALIZED_AUTOS = YES_AGGRESSIVE;
				GCC_WARN_UNUSED_FUNCTION = YES;
				GCC_WARN_UNUSED_VARIABLE = YES;
				IPHONEOS_DEPLOYMENT_TARGET = 13.6;
				MTL_ENABLE_DEBUG_INFO = NO;
				MTL_FAST_MATH = YES;
				SDKROOT = iphoneos;
				SWIFT_COMPILATION_MODE = wholemodule;
				SWIFT_OPTIMIZATION_LEVEL = "-O";
				VALIDATE_PRODUCT = YES;
			};
			name = Release;
		};
		FEE6B0EA252FD555009503E4 /* Debug */ = {
			isa = XCBuildConfiguration;
			baseConfigurationReference = 895B756F13D3CF45B5C27C07 /* Pods-Parstagram.debug.xcconfig */;
			buildSettings = {
				ASSETCATALOG_COMPILER_APPICON_NAME = AppIcon;
				CODE_SIGN_STYLE = Automatic;
				INFOPLIST_FILE = Parstagram/Info.plist;
				LD_RUNPATH_SEARCH_PATHS = (
					"$(inherited)",
					"@executable_path/Frameworks",
				);
				PRODUCT_BUNDLE_IDENTIFIER = Codepath.Parstagram;
				PRODUCT_NAME = "$(TARGET_NAME)";
				SWIFT_VERSION = 5.0;
				TARGETED_DEVICE_FAMILY = "1,2";
			};
			name = Debug;
		};
		FEE6B0EB252FD555009503E4 /* Release */ = {
			isa = XCBuildConfiguration;
			baseConfigurationReference = EF5306DB567E73E185D4FEB4 /* Pods-Parstagram.release.xcconfig */;
			buildSettings = {
				ASSETCATALOG_COMPILER_APPICON_NAME = AppIcon;
				CODE_SIGN_STYLE = Automatic;
				INFOPLIST_FILE = Parstagram/Info.plist;
				LD_RUNPATH_SEARCH_PATHS = (
					"$(inherited)",
					"@executable_path/Frameworks",
				);
				PRODUCT_BUNDLE_IDENTIFIER = Codepath.Parstagram;
				PRODUCT_NAME = "$(TARGET_NAME)";
				SWIFT_VERSION = 5.0;
				TARGETED_DEVICE_FAMILY = "1,2";
			};
			name = Release;
		};
		FEE6B0ED252FD555009503E4 /* Debug */ = {
			isa = XCBuildConfiguration;
			baseConfigurationReference = A049701992E110F4DDACB200 /* Pods-ParstagramTests.debug.xcconfig */;
			buildSettings = {
				ALWAYS_EMBED_SWIFT_STANDARD_LIBRARIES = YES;
				BUNDLE_LOADER = "$(TEST_HOST)";
				CODE_SIGN_STYLE = Automatic;
				INFOPLIST_FILE = ParstagramTests/Info.plist;
				IPHONEOS_DEPLOYMENT_TARGET = 13.6;
				LD_RUNPATH_SEARCH_PATHS = (
					"$(inherited)",
					"@executable_path/Frameworks",
					"@loader_path/Frameworks",
				);
				PRODUCT_BUNDLE_IDENTIFIER = Codepath.ParstagramTests;
				PRODUCT_NAME = "$(TARGET_NAME)";
				SWIFT_VERSION = 5.0;
				TARGETED_DEVICE_FAMILY = "1,2";
				TEST_HOST = "$(BUILT_PRODUCTS_DIR)/Parstagram.app/Parstagram";
			};
			name = Debug;
		};
		FEE6B0EE252FD555009503E4 /* Release */ = {
			isa = XCBuildConfiguration;
			baseConfigurationReference = 1B292E12BF87C723A39B02D0 /* Pods-ParstagramTests.release.xcconfig */;
			buildSettings = {
				ALWAYS_EMBED_SWIFT_STANDARD_LIBRARIES = YES;
				BUNDLE_LOADER = "$(TEST_HOST)";
				CODE_SIGN_STYLE = Automatic;
				INFOPLIST_FILE = ParstagramTests/Info.plist;
				IPHONEOS_DEPLOYMENT_TARGET = 13.6;
				LD_RUNPATH_SEARCH_PATHS = (
					"$(inherited)",
					"@executable_path/Frameworks",
					"@loader_path/Frameworks",
				);
				PRODUCT_BUNDLE_IDENTIFIER = Codepath.ParstagramTests;
				PRODUCT_NAME = "$(TARGET_NAME)";
				SWIFT_VERSION = 5.0;
				TARGETED_DEVICE_FAMILY = "1,2";
				TEST_HOST = "$(BUILT_PRODUCTS_DIR)/Parstagram.app/Parstagram";
			};
			name = Release;
		};
		FEE6B0F0252FD555009503E4 /* Debug */ = {
			isa = XCBuildConfiguration;
			baseConfigurationReference = 1D54592425C22C8BAB034E63 /* Pods-Parstagram-ParstagramUITests.debug.xcconfig */;
			buildSettings = {
				ALWAYS_EMBED_SWIFT_STANDARD_LIBRARIES = YES;
				CODE_SIGN_STYLE = Automatic;
				INFOPLIST_FILE = ParstagramUITests/Info.plist;
				LD_RUNPATH_SEARCH_PATHS = (
					"$(inherited)",
					"@executable_path/Frameworks",
					"@loader_path/Frameworks",
				);
				PRODUCT_BUNDLE_IDENTIFIER = Codepath.ParstagramUITests;
				PRODUCT_NAME = "$(TARGET_NAME)";
				SWIFT_VERSION = 5.0;
				TARGETED_DEVICE_FAMILY = "1,2";
				TEST_TARGET_NAME = Parstagram;
			};
			name = Debug;
		};
		FEE6B0F1252FD555009503E4 /* Release */ = {
			isa = XCBuildConfiguration;
			baseConfigurationReference = 15A270817C5F913DE213ADFE /* Pods-Parstagram-ParstagramUITests.release.xcconfig */;
			buildSettings = {
				ALWAYS_EMBED_SWIFT_STANDARD_LIBRARIES = YES;
				CODE_SIGN_STYLE = Automatic;
				INFOPLIST_FILE = ParstagramUITests/Info.plist;
				LD_RUNPATH_SEARCH_PATHS = (
					"$(inherited)",
					"@executable_path/Frameworks",
					"@loader_path/Frameworks",
				);
				PRODUCT_BUNDLE_IDENTIFIER = Codepath.ParstagramUITests;
				PRODUCT_NAME = "$(TARGET_NAME)";
				SWIFT_VERSION = 5.0;
				TARGETED_DEVICE_FAMILY = "1,2";
				TEST_TARGET_NAME = Parstagram;
			};
			name = Release;
		};
/* End XCBuildConfiguration section */

/* Begin XCConfigurationList section */
		FEE6B0BA252FD54D009503E4 /* Build configuration list for PBXProject "Parstagram" */ = {
			isa = XCConfigurationList;
			buildConfigurations = (
				FEE6B0E7252FD555009503E4 /* Debug */,
				FEE6B0E8252FD555009503E4 /* Release */,
			);
			defaultConfigurationIsVisible = 0;
			defaultConfigurationName = Release;
		};
		FEE6B0E9252FD555009503E4 /* Build configuration list for PBXNativeTarget "Parstagram" */ = {
			isa = XCConfigurationList;
			buildConfigurations = (
				FEE6B0EA252FD555009503E4 /* Debug */,
				FEE6B0EB252FD555009503E4 /* Release */,
			);
			defaultConfigurationIsVisible = 0;
			defaultConfigurationName = Release;
		};
		FEE6B0EC252FD555009503E4 /* Build configuration list for PBXNativeTarget "ParstagramTests" */ = {
			isa = XCConfigurationList;
			buildConfigurations = (
				FEE6B0ED252FD555009503E4 /* Debug */,
				FEE6B0EE252FD555009503E4 /* Release */,
			);
			defaultConfigurationIsVisible = 0;
			defaultConfigurationName = Release;
		};
		FEE6B0EF252FD555009503E4 /* Build configuration list for PBXNativeTarget "ParstagramUITests" */ = {
			isa = XCConfigurationList;
			buildConfigurations = (
				FEE6B0F0252FD555009503E4 /* Debug */,
				FEE6B0F1252FD555009503E4 /* Release */,
			);
			defaultConfigurationIsVisible = 0;
			defaultConfigurationName = Release;
		};
/* End XCConfigurationList section */
	};
	rootObject = FEE6B0B7252FD54D009503E4 /* Project object */;
}
